
Microsoft Visual Studio Solution File, Format Version 12.00
Project("{FAE04EC0-301F-11D3-BF4B-00C04F79EFBC}") = "Aspheric", "Aspheric\Aspheric.csproj", "{E146C82E-1AC6-4C88-82BF-10840DC6E57D}"
EndProject
Project("{FAE04EC0-301F-11D3-BF4B-00C04F79EFBC}") = "Aspheric.Generator", "Aspheric.Generator\Aspheric.Generator.csproj", "{060866DE-8DEA-4168-84EA-DDB22AE97DE8}"
EndProject
Project("{FAE04EC0-301F-11D3-BF4B-00C04F79EFBC}") = "ENet", "ENet\ENet.csproj", "{E3422A94-163C-4B0D-A25A-7E7D7DE94DE8}"
EndProject
Project("{FAE04EC0-301F-11D3-BF4B-00C04F79EFBC}") = "App", "App\App.csproj", "{583FF197-1591-4380-9FBD-EE6E99FB75F1}"
EndProject
Global
	GlobalSection(SolutionConfigurationPlatforms) = preSolution
		Debug|Any CPU = Debug|Any CPU
		Release|Any CPU = Release|Any CPU
	EndGlobalSection
	GlobalSection(ProjectConfigurationPlatforms) = postSolution
		{E146C82E-1AC6-4C88-82BF-10840DC6E57D}.Debug|Any CPU.ActiveCfg = Debug|Any CPU
		{E146C82E-1AC6-4C88-82BF-10840DC6E57D}.Debug|Any CPU.Build.0 = Debug|Any CPU
		{E146C82E-1AC6-4C88-82BF-10840DC6E57D}.Release|Any CPU.ActiveCfg = Release|Any CPU
		{E146C82E-1AC6-4C88-82BF-10840DC6E57D}.Release|Any CPU.Build.0 = Release|Any CPU
		{060866DE-8DEA-4168-84EA-DDB22AE97DE8}.Debug|Any CPU.ActiveCfg = Debug|Any CPU
		{060866DE-8DEA-4168-84EA-DDB22AE97DE8}.Debug|Any CPU.Build.0 = Debug|Any CPU
		{060866DE-8DEA-4168-84EA-DDB22AE97DE8}.Release|Any CPU.ActiveCfg = Release|Any CPU
		{060866DE-8DEA-4168-84EA-DDB22AE97DE8}.Release|Any CPU.Build.0 = Release|Any CPU
		{E3422A94-163C-4B0D-A25A-7E7D7DE94DE8}.Debug|Any CPU.ActiveCfg = Debug|Any CPU
		{E3422A94-163C-4B0D-A25A-7E7D7DE94DE8}.Debug|Any CPU.Build.0 = Debug|Any CPU
		{E3422A94-163C-4B0D-A25A-7E7D7DE94DE8}.Release|Any CPU.ActiveCfg = Release|Any CPU
		{E3422A94-163C-4B0D-A25A-7E7D7DE94DE8}.Release|Any CPU.Build.0 = Release|Any CPU
		{583FF197-1591-4380-9FBD-EE6E99FB75F1}.Debug|Any CPU.ActiveCfg = Debug|Any CPU
		{583FF197-1591-4380-9FBD-EE6E99FB75F1}.Debug|Any CPU.Build.0 = Debug|Any CPU
		{583FF197-1591-4380-9FBD-EE6E99FB75F1}.Release|Any CPU.ActiveCfg = Release|Any CPU
		{583FF197-1591-4380-9FBD-EE6E99FB75F1}.Release|Any CPU.Build.0 = Release|Any CPU
	EndGlobalSection
EndGlobal
